
Microsoft Visual Studio Solution File, Format Version 12.00
# Visual Studio Version 17
VisualStudioVersion = 17.10.34607.79
MinimumVisualStudioVersion = 10.0.40219.1
Project("{9A19103F-16F7-4668-BE54-9A1E7A4F7556}") = "Executor", "src\Executor\Executor.csproj", "{982E74AE-A80F-46F7-B0BF-9728F8AE2F36}"
EndProject
Project("{9A19103F-16F7-4668-BE54-9A1E7A4F7556}") = "Lesson1", "src\Modules\Lesson1\Lesson1.csproj", "{798BD213-0D2C-4E37-827C-C53094726D72}"
EndProject
Project("{9A19103F-16F7-4668-BE54-9A1E7A4F7556}") = "Lesson2", "src\Modules\Lesson2\Lesson2.csproj", "{942FA5A0-FD21-4B34-871A-FBDB98438433}"
EndProject
Project("{9A19103F-16F7-4668-BE54-9A1E7A4F7556}") = "Lesson3", "src\Modules\Lesson3\Lesson3.csproj", "{E9D8FAC1-C097-4DB3-BF85-AC0BE5D8274D}"
EndProject
Project("{9A19103F-16F7-4668-BE54-9A1E7A4F7556}") = "Lesson4", "src\Modules\Lesson4\Lesson4.csproj", "{C7081941-7FEA-4B55-8B48-A38FB6ECAF41}"
EndProject
Project("{2150E333-8FDC-42A3-9474-1A3956D46DE8}") = "src", "src", "{A1678B20-6708-42F2-9F55-7273E55D537D}"
EndProject
Project("{2150E333-8FDC-42A3-9474-1A3956D46DE8}") = "Modules", "Modules", "{C32128D4-5E62-4C16-BC81-5E3D8AA9263B}"
EndProject
Project("{2150E333-8FDC-42A3-9474-1A3956D46DE8}") = "tests", "tests", "{799F697C-7213-415F-9546-7D49DC318392}"
EndProject
Project("{2150E333-8FDC-42A3-9474-1A3956D46DE8}") = "Modules", "Modules", "{EC50C5DC-01C2-4CC9-A46B-0BEA2A7AD330}"
EndProject
Project("{FAE04EC0-301F-11D3-BF4B-00C04F79EFBC}") = "Executor.Tests", "tests\Executor.Tests\Executor.Tests.csproj", "{C8B7F642-F9DF-4576-A5E5-6B7AFDD96FF6}"
EndProject
Project("{FAE04EC0-301F-11D3-BF4B-00C04F79EFBC}") = "Lesson1.Tests", "tests\Modules\Lesson1.Tests\Lesson1.Tests.csproj", "{480B4278-B21F-486D-9109-2B334B1CC1BD}"
EndProject
Project("{FAE04EC0-301F-11D3-BF4B-00C04F79EFBC}") = "Lesson2.Tests", "tests\Modules\Lesson2.Tests\Lesson2.Tests.csproj", "{9EC1487E-2669-44DC-92FF-947A053B3988}"
EndProject
Project("{FAE04EC0-301F-11D3-BF4B-00C04F79EFBC}") = "Lesson3.Tests", "tests\Modules\Lesson3.Tests\Lesson3.Tests.csproj", "{47C5EF9D-9C01-4B8B-8642-AF1676AFA0CF}"
EndProject
Project("{FAE04EC0-301F-11D3-BF4B-00C04F79EFBC}") = "Lesson4.Tests", "tests\Modules\Lesson4.Tests\Lesson4.Tests.csproj", "{E458F4F1-0AA7-4D92-BD99-64C34FD543A6}"
EndProject
Global
	GlobalSection(SolutionConfigurationPlatforms) = preSolution
		Debug|Any CPU = Debug|Any CPU
		Release|Any CPU = Release|Any CPU
	EndGlobalSection
	GlobalSection(ProjectConfigurationPlatforms) = postSolution
		{982E74AE-A80F-46F7-B0BF-9728F8AE2F36}.Debug|Any CPU.ActiveCfg = Debug|Any CPU
		{982E74AE-A80F-46F7-B0BF-9728F8AE2F36}.Debug|Any CPU.Build.0 = Debug|Any CPU
		{982E74AE-A80F-46F7-B0BF-9728F8AE2F36}.Release|Any CPU.ActiveCfg = Release|Any CPU
		{982E74AE-A80F-46F7-B0BF-9728F8AE2F36}.Release|Any CPU.Build.0 = Release|Any CPU
		{798BD213-0D2C-4E37-827C-C53094726D72}.Debug|Any CPU.ActiveCfg = Debug|Any CPU
		{798BD213-0D2C-4E37-827C-C53094726D72}.Debug|Any CPU.Build.0 = Debug|Any CPU
		{798BD213-0D2C-4E37-827C-C53094726D72}.Release|Any CPU.ActiveCfg = Release|Any CPU
		{798BD213-0D2C-4E37-827C-C53094726D72}.Release|Any CPU.Build.0 = Release|Any CPU
		{942FA5A0-FD21-4B34-871A-FBDB98438433}.Debug|Any CPU.ActiveCfg = Debug|Any CPU
		{942FA5A0-FD21-4B34-871A-FBDB98438433}.Debug|Any CPU.Build.0 = Debug|Any CPU
		{942FA5A0-FD21-4B34-871A-FBDB98438433}.Release|Any CPU.ActiveCfg = Release|Any CPU
		{942FA5A0-FD21-4B34-871A-FBDB98438433}.Release|Any CPU.Build.0 = Release|Any CPU
		{E9D8FAC1-C097-4DB3-BF85-AC0BE5D8274D}.Debug|Any CPU.ActiveCfg = Debug|Any CPU
		{E9D8FAC1-C097-4DB3-BF85-AC0BE5D8274D}.Debug|Any CPU.Build.0 = Debug|Any CPU
		{E9D8FAC1-C097-4DB3-BF85-AC0BE5D8274D}.Release|Any CPU.ActiveCfg = Release|Any CPU
		{E9D8FAC1-C097-4DB3-BF85-AC0BE5D8274D}.Release|Any CPU.Build.0 = Release|Any CPU
		{C7081941-7FEA-4B55-8B48-A38FB6ECAF41}.Debug|Any CPU.ActiveCfg = Debug|Any CPU
		{C7081941-7FEA-4B55-8B48-A38FB6ECAF41}.Debug|Any CPU.Build.0 = Debug|Any CPU
		{C7081941-7FEA-4B55-8B48-A38FB6ECAF41}.Release|Any CPU.ActiveCfg = Release|Any CPU
		{C7081941-7FEA-4B55-8B48-A38FB6ECAF41}.Release|Any CPU.Build.0 = Release|Any CPU
		{C8B7F642-F9DF-4576-A5E5-6B7AFDD96FF6}.Debug|Any CPU.ActiveCfg = Debug|Any CPU
		{C8B7F642-F9DF-4576-A5E5-6B7AFDD96FF6}.Debug|Any CPU.Build.0 = Debug|Any CPU
		{C8B7F642-F9DF-4576-A5E5-6B7AFDD96FF6}.Release|Any CPU.ActiveCfg = Release|Any CPU
		{C8B7F642-F9DF-4576-A5E5-6B7AFDD96FF6}.Release|Any CPU.Build.0 = Release|Any CPU
		{480B4278-B21F-486D-9109-2B334B1CC1BD}.Debug|Any CPU.ActiveCfg = Debug|Any CPU
		{480B4278-B21F-486D-9109-2B334B1CC1BD}.Debug|Any CPU.Build.0 = Debug|Any CPU
		{480B4278-B21F-486D-9109-2B334B1CC1BD}.Release|Any CPU.ActiveCfg = Release|Any CPU
		{480B4278-B21F-486D-9109-2B334B1CC1BD}.Release|Any CPU.Build.0 = Release|Any CPU
		{9EC1487E-2669-44DC-92FF-947A053B3988}.Debug|Any CPU.ActiveCfg = Debug|Any CPU
		{9EC1487E-2669-44DC-92FF-947A053B3988}.Debug|Any CPU.Build.0 = Debug|Any CPU
		{9EC1487E-2669-44DC-92FF-947A053B3988}.Release|Any CPU.ActiveCfg = Release|Any CPU
		{9EC1487E-2669-44DC-92FF-947A053B3988}.Release|Any CPU.Build.0 = Release|Any CPU
		{47C5EF9D-9C01-4B8B-8642-AF1676AFA0CF}.Debug|Any CPU.ActiveCfg = Debug|Any CPU
		{47C5EF9D-9C01-4B8B-8642-AF1676AFA0CF}.Debug|Any CPU.Build.0 = Debug|Any CPU
		{47C5EF9D-9C01-4B8B-8642-AF1676AFA0CF}.Release|Any CPU.ActiveCfg = Release|Any CPU
		{47C5EF9D-9C01-4B8B-8642-AF1676AFA0CF}.Release|Any CPU.Build.0 = Release|Any CPU
		{E458F4F1-0AA7-4D92-BD99-64C34FD543A6}.Debug|Any CPU.ActiveCfg = Debug|Any CPU
		{E458F4F1-0AA7-4D92-BD99-64C34FD543A6}.Debug|Any CPU.Build.0 = Debug|Any CPU
		{E458F4F1-0AA7-4D92-BD99-64C34FD543A6}.Release|Any CPU.ActiveCfg = Release|Any CPU
		{E458F4F1-0AA7-4D92-BD99-64C34FD543A6}.Release|Any CPU.Build.0 = Release|Any CPU
	EndGlobalSection
	GlobalSection(SolutionProperties) = preSolution
		HideSolutionNode = FALSE
	EndGlobalSection
	GlobalSection(NestedProjects) = preSolution
		{982E74AE-A80F-46F7-B0BF-9728F8AE2F36} = {A1678B20-6708-42F2-9F55-7273E55D537D}
		{798BD213-0D2C-4E37-827C-C53094726D72} = {C32128D4-5E62-4C16-BC81-5E3D8AA9263B}
		{942FA5A0-FD21-4B34-871A-FBDB98438433} = {C32128D4-5E62-4C16-BC81-5E3D8AA9263B}
		{E9D8FAC1-C097-4DB3-BF85-AC0BE5D8274D} = {C32128D4-5E62-4C16-BC81-5E3D8AA9263B}
		{C7081941-7FEA-4B55-8B48-A38FB6ECAF41} = {C32128D4-5E62-4C16-BC81-5E3D8AA9263B}
		{C32128D4-5E62-4C16-BC81-5E3D8AA9263B} = {A1678B20-6708-42F2-9F55-7273E55D537D}
		{EC50C5DC-01C2-4CC9-A46B-0BEA2A7AD330} = {799F697C-7213-415F-9546-7D49DC318392}
		{C8B7F642-F9DF-4576-A5E5-6B7AFDD96FF6} = {799F697C-7213-415F-9546-7D49DC318392}
		{480B4278-B21F-486D-9109-2B334B1CC1BD} = {EC50C5DC-01C2-4CC9-A46B-0BEA2A7AD330}
		{9EC1487E-2669-44DC-92FF-947A053B3988} = {EC50C5DC-01C2-4CC9-A46B-0BEA2A7AD330}
		{47C5EF9D-9C01-4B8B-8642-AF1676AFA0CF} = {EC50C5DC-01C2-4CC9-A46B-0BEA2A7AD330}
		{E458F4F1-0AA7-4D92-BD99-64C34FD543A6} = {EC50C5DC-01C2-4CC9-A46B-0BEA2A7AD330}
	EndGlobalSection
	GlobalSection(ExtensibilityGlobals) = postSolution
		SolutionGuid = {49483A34-1E06-4C79-A3DA-E169B7114491}
	EndGlobalSection
EndGlobal
